// !$*UTF8*$!
{
	archiveVersion = 1;
	classes = {
	};
	objectVersion = 50;
	objects = {

/* Begin PBXBuildFile section */
		842A5276255B153A004BD604 /* AppDelegate.swift in Sources */ = {isa = PBXBuildFile; fileRef = 842A5275255B153A004BD604 /* AppDelegate.swift */; };
		842A5278255B153A004BD604 /* SceneDelegate.swift in Sources */ = {isa = PBXBuildFile; fileRef = 842A5277255B153A004BD604 /* SceneDelegate.swift */; };
		842A527A255B153A004BD604 /* ViewController.swift in Sources */ = {isa = PBXBuildFile; fileRef = 842A5279255B153A004BD604 /* ViewController.swift */; };
		842A527D255B153A004BD604 /* Main.storyboard in Resources */ = {isa = PBXBuildFile; fileRef = 842A527B255B153A004BD604 /* Main.storyboard */; };
		842A5282255B153A004BD604 /* Assets.xcassets in Resources */ = {isa = PBXBuildFile; fileRef = 842A5281255B153A004BD604 /* Assets.xcassets */; };
		842A5285255B153A004BD604 /* LaunchScreen.storyboard in Resources */ = {isa = PBXBuildFile; fileRef = 842A5283255B153A004BD604 /* LaunchScreen.storyboard */; };
		842A5290255B153B004BD604 /* iTunesTestAppTests.swift in Sources */ = {isa = PBXBuildFile; fileRef = 842A528F255B153B004BD604 /* iTunesTestAppTests.swift */; };
		842A529B255B153B004BD604 /* iTunesTestAppUITests.swift in Sources */ = {isa = PBXBuildFile; fileRef = 842A529A255B153B004BD604 /* iTunesTestAppUITests.swift */; };
		843479BA2564176600BDEDD1 /* StoredMusicVC.storyboard in Resources */ = {isa = PBXBuildFile; fileRef = 843479B92564176600BDEDD1 /* StoredMusicVC.storyboard */; };
		843479C7256417D100BDEDD1 /* StoredMusicVC.swift in Sources */ = {isa = PBXBuildFile; fileRef = 843479C6256417D100BDEDD1 /* StoredMusicVC.swift */; };
		843479CF2564187800BDEDD1 /* MusicTabBarController.swift in Sources */ = {isa = PBXBuildFile; fileRef = 843479CE2564187800BDEDD1 /* MusicTabBarController.swift */; };
		84446C112564375C005A007F /* MusicFromiTunesCell.swift in Sources */ = {isa = PBXBuildFile; fileRef = 84446C0F2564375C005A007F /* MusicFromiTunesCell.swift */; };
		84446C122564375C005A007F /* MusicFromiTunesCell.xib in Resources */ = {isa = PBXBuildFile; fileRef = 84446C102564375C005A007F /* MusicFromiTunesCell.xib */; };
		84446C2325659768005A007F /* CoreDataManager.swift in Sources */ = {isa = PBXBuildFile; fileRef = 84446C2225659768005A007F /* CoreDataManager.swift */; };
		84446C292565B353005A007F /* MusicData+CoreDataClass.swift in Sources */ = {isa = PBXBuildFile; fileRef = 84446C272565B353005A007F /* MusicData+CoreDataClass.swift */; };
		84446C2A2565B353005A007F /* MusicData+CoreDataProperties.swift in Sources */ = {isa = PBXBuildFile; fileRef = 84446C282565B353005A007F /* MusicData+CoreDataProperties.swift */; };
		84446C342565B75B005A007F /* iTunesTestApp.xcdatamodeld in Resources */ = {isa = PBXBuildFile; fileRef = 842A527E255B153A004BD604 /* iTunesTestApp.xcdatamodeld */; };
		84446C4225670D50005A007F /* UIImage.swift in Sources */ = {isa = PBXBuildFile; fileRef = 84446C4125670D50005A007F /* UIImage.swift */; };
		84676A67255DA55800A7904B /* MusicFromiTunesVC.storyboard in Resources */ = {isa = PBXBuildFile; fileRef = 84676A66255DA55800A7904B /* MusicFromiTunesVC.storyboard */; };
		84676A74255DA5A200A7904B /* MusicFromiTunesVC.swift in Sources */ = {isa = PBXBuildFile; fileRef = 84676A73255DA5A200A7904B /* MusicFromiTunesVC.swift */; };
		84676A7D255DA70700A7904B /* Constants.swift in Sources */ = {isa = PBXBuildFile; fileRef = 84676A7C255DA70700A7904B /* Constants.swift */; };
		84676A8D255DB48F00A7904B /* Music.swift in Sources */ = {isa = PBXBuildFile; fileRef = 84676A8C255DB48F00A7904B /* Music.swift */; };
		84E877E8255B2528007E2760 /* UIViewController.swift in Sources */ = {isa = PBXBuildFile; fileRef = 84E877E7255B2528007E2760 /* UIViewController.swift */; };
		84E877ED255B25CA007E2760 /* RequestManager.swift in Sources */ = {isa = PBXBuildFile; fileRef = 84E877EC255B25CA007E2760 /* RequestManager.swift */; };
/* End PBXBuildFile section */

/* Begin PBXContainerItemProxy section */
		842A528C255B153B004BD604 /* PBXContainerItemProxy */ = {
			isa = PBXContainerItemProxy;
			containerPortal = 842A526A255B153A004BD604 /* Project object */;
			proxyType = 1;
			remoteGlobalIDString = 842A5271255B153A004BD604;
			remoteInfo = iTunesTestApp;
		};
		842A5297255B153B004BD604 /* PBXContainerItemProxy */ = {
			isa = PBXContainerItemProxy;
			containerPortal = 842A526A255B153A004BD604 /* Project object */;
			proxyType = 1;
			remoteGlobalIDString = 842A5271255B153A004BD604;
			remoteInfo = iTunesTestApp;
		};
/* End PBXContainerItemProxy section */

/* Begin PBXFileReference section */
		842A5272255B153A004BD604 /* iTunesTestApp.app */ = {isa = PBXFileReference; explicitFileType = wrapper.application; includeInIndex = 0; path = iTunesTestApp.app; sourceTree = BUILT_PRODUCTS_DIR; };
		842A5275255B153A004BD604 /* AppDelegate.swift */ = {isa = PBXFileReference; lastKnownFileType = sourcecode.swift; path = AppDelegate.swift; sourceTree = "<group>"; };
		842A5277255B153A004BD604 /* SceneDelegate.swift */ = {isa = PBXFileReference; lastKnownFileType = sourcecode.swift; path = SceneDelegate.swift; sourceTree = "<group>"; };
		842A5279255B153A004BD604 /* ViewController.swift */ = {isa = PBXFileReference; lastKnownFileType = sourcecode.swift; path = ViewController.swift; sourceTree = "<group>"; };
		842A527C255B153A004BD604 /* Base */ = {isa = PBXFileReference; lastKnownFileType = file.storyboard; name = Base; path = Base.lproj/Main.storyboard; sourceTree = "<group>"; };
		842A527F255B153A004BD604 /* iTunesTestApp.xcdatamodel */ = {isa = PBXFileReference; lastKnownFileType = wrapper.xcdatamodel; path = iTunesTestApp.xcdatamodel; sourceTree = "<group>"; };
		842A5281255B153A004BD604 /* Assets.xcassets */ = {isa = PBXFileReference; lastKnownFileType = folder.assetcatalog; path = Assets.xcassets; sourceTree = "<group>"; };
		842A5284255B153A004BD604 /* Base */ = {isa = PBXFileReference; lastKnownFileType = file.storyboard; name = Base; path = Base.lproj/LaunchScreen.storyboard; sourceTree = "<group>"; };
		842A5286255B153A004BD604 /* Info.plist */ = {isa = PBXFileReference; lastKnownFileType = text.plist.xml; path = Info.plist; sourceTree = "<group>"; };
		842A528B255B153B004BD604 /* iTunesTestAppTests.xctest */ = {isa = PBXFileReference; explicitFileType = wrapper.cfbundle; includeInIndex = 0; path = iTunesTestAppTests.xctest; sourceTree = BUILT_PRODUCTS_DIR; };
		842A528F255B153B004BD604 /* iTunesTestAppTests.swift */ = {isa = PBXFileReference; lastKnownFileType = sourcecode.swift; path = iTunesTestAppTests.swift; sourceTree = "<group>"; };
		842A5291255B153B004BD604 /* Info.plist */ = {isa = PBXFileReference; lastKnownFileType = text.plist.xml; path = Info.plist; sourceTree = "<group>"; };
		842A5296255B153B004BD604 /* iTunesTestAppUITests.xctest */ = {isa = PBXFileReference; explicitFileType = wrapper.cfbundle; includeInIndex = 0; path = iTunesTestAppUITests.xctest; sourceTree = BUILT_PRODUCTS_DIR; };
		842A529A255B153B004BD604 /* iTunesTestAppUITests.swift */ = {isa = PBXFileReference; lastKnownFileType = sourcecode.swift; path = iTunesTestAppUITests.swift; sourceTree = "<group>"; };
		842A529C255B153B004BD604 /* Info.plist */ = {isa = PBXFileReference; lastKnownFileType = text.plist.xml; path = Info.plist; sourceTree = "<group>"; };
		843479B92564176600BDEDD1 /* StoredMusicVC.storyboard */ = {isa = PBXFileReference; lastKnownFileType = file.storyboard; path = StoredMusicVC.storyboard; sourceTree = "<group>"; };
		843479C6256417D100BDEDD1 /* StoredMusicVC.swift */ = {isa = PBXFileReference; lastKnownFileType = sourcecode.swift; path = StoredMusicVC.swift; sourceTree = "<group>"; };
		843479CE2564187800BDEDD1 /* MusicTabBarController.swift */ = {isa = PBXFileReference; lastKnownFileType = sourcecode.swift; path = MusicTabBarController.swift; sourceTree = "<group>"; };
		84446C0F2564375C005A007F /* MusicFromiTunesCell.swift */ = {isa = PBXFileReference; lastKnownFileType = sourcecode.swift; path = MusicFromiTunesCell.swift; sourceTree = "<group>"; };
		84446C102564375C005A007F /* MusicFromiTunesCell.xib */ = {isa = PBXFileReference; lastKnownFileType = file.xib; path = MusicFromiTunesCell.xib; sourceTree = "<group>"; };
		84446C2225659768005A007F /* CoreDataManager.swift */ = {isa = PBXFileReference; lastKnownFileType = sourcecode.swift; path = CoreDataManager.swift; sourceTree = "<group>"; };
		84446C272565B353005A007F /* MusicData+CoreDataClass.swift */ = {isa = PBXFileReference; lastKnownFileType = sourcecode.swift; path = "MusicData+CoreDataClass.swift"; sourceTree = "<group>"; };
		84446C282565B353005A007F /* MusicData+CoreDataProperties.swift */ = {isa = PBXFileReference; lastKnownFileType = sourcecode.swift; path = "MusicData+CoreDataProperties.swift"; sourceTree = "<group>"; };
		84446C4125670D50005A007F /* UIImage.swift */ = {isa = PBXFileReference; lastKnownFileType = sourcecode.swift; path = UIImage.swift; sourceTree = "<group>"; };
		84676A66255DA55800A7904B /* MusicFromiTunesVC.storyboard */ = {isa = PBXFileReference; lastKnownFileType = file.storyboard; path = MusicFromiTunesVC.storyboard; sourceTree = "<group>"; };
		84676A73255DA5A200A7904B /* MusicFromiTunesVC.swift */ = {isa = PBXFileReference; lastKnownFileType = sourcecode.swift; path = MusicFromiTunesVC.swift; sourceTree = "<group>"; };
		84676A7C255DA70700A7904B /* Constants.swift */ = {isa = PBXFileReference; lastKnownFileType = sourcecode.swift; path = Constants.swift; sourceTree = "<group>"; };
		84676A8C255DB48F00A7904B /* Music.swift */ = {isa = PBXFileReference; lastKnownFileType = sourcecode.swift; path = Music.swift; sourceTree = "<group>"; };
		84E877E7255B2528007E2760 /* UIViewController.swift */ = {isa = PBXFileReference; lastKnownFileType = sourcecode.swift; path = UIViewController.swift; sourceTree = "<group>"; };
		84E877EC255B25CA007E2760 /* RequestManager.swift */ = {isa = PBXFileReference; lastKnownFileType = sourcecode.swift; path = RequestManager.swift; sourceTree = "<group>"; };
/* End PBXFileReference section */

/* Begin PBXFrameworksBuildPhase section */
		842A526F255B153A004BD604 /* Frameworks */ = {
			isa = PBXFrameworksBuildPhase;
			buildActionMask = 2147483647;
			files = (
			);
			runOnlyForDeploymentPostprocessing = 0;
		};
		842A5288255B153B004BD604 /* Frameworks */ = {
			isa = PBXFrameworksBuildPhase;
			buildActionMask = 2147483647;
			files = (
			);
			runOnlyForDeploymentPostprocessing = 0;
		};
		842A5293255B153B004BD604 /* Frameworks */ = {
			isa = PBXFrameworksBuildPhase;
			buildActionMask = 2147483647;
			files = (
			);
			runOnlyForDeploymentPostprocessing = 0;
		};
/* End PBXFrameworksBuildPhase section */

/* Begin PBXGroup section */
		842A5269255B153A004BD604 = {
			isa = PBXGroup;
			children = (
				842A5274255B153A004BD604 /* iTunesTestApp */,
				842A528E255B153B004BD604 /* iTunesTestAppTests */,
				842A5299255B153B004BD604 /* iTunesTestAppUITests */,
				842A5273255B153A004BD604 /* Products */,
			);
			sourceTree = "<group>";
		};
		842A5273255B153A004BD604 /* Products */ = {
			isa = PBXGroup;
			children = (
				842A5272255B153A004BD604 /* iTunesTestApp.app */,
				842A528B255B153B004BD604 /* iTunesTestAppTests.xctest */,
				842A5296255B153B004BD604 /* iTunesTestAppUITests.xctest */,
			);
			name = Products;
			sourceTree = "<group>";
		};
		842A5274255B153A004BD604 /* iTunesTestApp */ = {
			isa = PBXGroup;
			children = (
				844CDFED25630F56005152EB /* Managers */,
				84E877E3255B2424007E2760 /* Model */,
				84E877E4255B2433007E2760 /* Views */,
				84E877E5255B2442007E2760 /* Controllers */,
				84E877E6255B24EB007E2760 /* Extensions */,
				84676A7B255DA6C100A7904B /* Utilities */,
				84C91977255B18A300730D5E /* SupportedFiles */,
			);
			path = iTunesTestApp;
			sourceTree = "<group>";
		};
		842A528E255B153B004BD604 /* iTunesTestAppTests */ = {
			isa = PBXGroup;
			children = (
				842A528F255B153B004BD604 /* iTunesTestAppTests.swift */,
				842A5291255B153B004BD604 /* Info.plist */,
			);
			path = iTunesTestAppTests;
			sourceTree = "<group>";
		};
		842A5299255B153B004BD604 /* iTunesTestAppUITests */ = {
			isa = PBXGroup;
			children = (
				842A529A255B153B004BD604 /* iTunesTestAppUITests.swift */,
				842A529C255B153B004BD604 /* Info.plist */,
			);
			path = iTunesTestAppUITests;
			sourceTree = "<group>";
		};
		844CDFED25630F56005152EB /* Managers */ = {
			isa = PBXGroup;
			children = (
				84E877EC255B25CA007E2760 /* RequestManager.swift */,
				84446C2225659768005A007F /* CoreDataManager.swift */,
			);
			path = Managers;
			sourceTree = "<group>";
		};
		84676A7B255DA6C100A7904B /* Utilities */ = {
			isa = PBXGroup;
			children = (
				84676A7C255DA70700A7904B /* Constants.swift */,
			);
			path = Utilities;
			sourceTree = "<group>";
		};
		84C91977255B18A300730D5E /* SupportedFiles */ = {
			isa = PBXGroup;
			children = (
				842A5286255B153A004BD604 /* Info.plist */,
				842A5283255B153A004BD604 /* LaunchScreen.storyboard */,
				842A527E255B153A004BD604 /* iTunesTestApp.xcdatamodeld */,
				842A5275255B153A004BD604 /* AppDelegate.swift */,
				842A5277255B153A004BD604 /* SceneDelegate.swift */,
				842A5279255B153A004BD604 /* ViewController.swift */,
				842A527B255B153A004BD604 /* Main.storyboard */,
				842A5281255B153A004BD604 /* Assets.xcassets */,
			);
			path = SupportedFiles;
			sourceTree = "<group>";
		};
		84E877E3255B2424007E2760 /* Model */ = {
			isa = PBXGroup;
			children = (
				84446C272565B353005A007F /* MusicData+CoreDataClass.swift */,
				84446C282565B353005A007F /* MusicData+CoreDataProperties.swift */,
				84676A8C255DB48F00A7904B /* Music.swift */,
			);
			path = Model;
			sourceTree = "<group>";
		};
		84E877E4255B2433007E2760 /* Views */ = {
			isa = PBXGroup;
			children = (
				84446C0F2564375C005A007F /* MusicFromiTunesCell.swift */,
				84446C102564375C005A007F /* MusicFromiTunesCell.xib */,
			);
			path = Views;
			sourceTree = "<group>";
		};
		84E877E5255B2442007E2760 /* Controllers */ = {
			isa = PBXGroup;
			children = (
				843479CE2564187800BDEDD1 /* MusicTabBarController.swift */,
				84676A73255DA5A200A7904B /* MusicFromiTunesVC.swift */,
				84676A66255DA55800A7904B /* MusicFromiTunesVC.storyboard */,
				843479C6256417D100BDEDD1 /* StoredMusicVC.swift */,
				843479B92564176600BDEDD1 /* StoredMusicVC.storyboard */,
			);
			path = Controllers;
			sourceTree = "<group>";
		};
		84E877E6255B24EB007E2760 /* Extensions */ = {
			isa = PBXGroup;
			children = (
				84E877E7255B2528007E2760 /* UIViewController.swift */,
				84446C4125670D50005A007F /* UIImage.swift */,
			);
			path = Extensions;
			sourceTree = "<group>";
		};
/* End PBXGroup section */

/* Begin PBXNativeTarget section */
		842A5271255B153A004BD604 /* iTunesTestApp */ = {
			isa = PBXNativeTarget;
			buildConfigurationList = 842A529F255B153B004BD604 /* Build configuration list for PBXNativeTarget "iTunesTestApp" */;
			buildPhases = (
				842A526E255B153A004BD604 /* Sources */,
				842A526F255B153A004BD604 /* Frameworks */,
				842A5270255B153A004BD604 /* Resources */,
			);
			buildRules = (
			);
			dependencies = (
			);
			name = iTunesTestApp;
			productName = iTunesTestApp;
			productReference = 842A5272255B153A004BD604 /* iTunesTestApp.app */;
			productType = "com.apple.product-type.application";
		};
		842A528A255B153B004BD604 /* iTunesTestAppTests */ = {
			isa = PBXNativeTarget;
			buildConfigurationList = 842A52A2255B153B004BD604 /* Build configuration list for PBXNativeTarget "iTunesTestAppTests" */;
			buildPhases = (
				842A5287255B153B004BD604 /* Sources */,
				842A5288255B153B004BD604 /* Frameworks */,
				842A5289255B153B004BD604 /* Resources */,
			);
			buildRules = (
			);
			dependencies = (
				842A528D255B153B004BD604 /* PBXTargetDependency */,
			);
			name = iTunesTestAppTests;
			productName = iTunesTestAppTests;
			productReference = 842A528B255B153B004BD604 /* iTunesTestAppTests.xctest */;
			productType = "com.apple.product-type.bundle.unit-test";
		};
		842A5295255B153B004BD604 /* iTunesTestAppUITests */ = {
			isa = PBXNativeTarget;
			buildConfigurationList = 842A52A5255B153B004BD604 /* Build configuration list for PBXNativeTarget "iTunesTestAppUITests" */;
			buildPhases = (
				842A5292255B153B004BD604 /* Sources */,
				842A5293255B153B004BD604 /* Frameworks */,
				842A5294255B153B004BD604 /* Resources */,
			);
			buildRules = (
			);
			dependencies = (
				842A5298255B153B004BD604 /* PBXTargetDependency */,
			);
			name = iTunesTestAppUITests;
			productName = iTunesTestAppUITests;
			productReference = 842A5296255B153B004BD604 /* iTunesTestAppUITests.xctest */;
			productType = "com.apple.product-type.bundle.ui-testing";
		};
/* End PBXNativeTarget section */

/* Begin PBXProject section */
		842A526A255B153A004BD604 /* Project object */ = {
			isa = PBXProject;
			attributes = {
				LastSwiftUpdateCheck = 1210;
				LastUpgradeCheck = 1210;
				TargetAttributes = {
					842A5271255B153A004BD604 = {
						CreatedOnToolsVersion = 12.1;
					};
					842A528A255B153B004BD604 = {
						CreatedOnToolsVersion = 12.1;
						TestTargetID = 842A5271255B153A004BD604;
					};
					842A5295255B153B004BD604 = {
						CreatedOnToolsVersion = 12.1;
						TestTargetID = 842A5271255B153A004BD604;
					};
				};
			};
			buildConfigurationList = 842A526D255B153A004BD604 /* Build configuration list for PBXProject "iTunesTestApp" */;
			compatibilityVersion = "Xcode 9.3";
			developmentRegion = en;
			hasScannedForEncodings = 0;
			knownRegions = (
				en,
				Base,
			);
			mainGroup = 842A5269255B153A004BD604;
			productRefGroup = 842A5273255B153A004BD604 /* Products */;
			projectDirPath = "";
			projectRoot = "";
			targets = (
				842A5271255B153A004BD604 /* iTunesTestApp */,
				842A528A255B153B004BD604 /* iTunesTestAppTests */,
				842A5295255B153B004BD604 /* iTunesTestAppUITests */,
			);
		};
/* End PBXProject section */

/* Begin PBXResourcesBuildPhase section */
		842A5270255B153A004BD604 /* Resources */ = {
			isa = PBXResourcesBuildPhase;
			buildActionMask = 2147483647;
			files = (
				84446C342565B75B005A007F /* iTunesTestApp.xcdatamodeld in Resources */,
				842A5285255B153A004BD604 /* LaunchScreen.storyboard in Resources */,
				84446C122564375C005A007F /* MusicFromiTunesCell.xib in Resources */,
				84676A67255DA55800A7904B /* MusicFromiTunesVC.storyboard in Resources */,
				842A5282255B153A004BD604 /* Assets.xcassets in Resources */,
				843479BA2564176600BDEDD1 /* StoredMusicVC.storyboard in Resources */,
				842A527D255B153A004BD604 /* Main.storyboard in Resources */,
			);
			runOnlyForDeploymentPostprocessing = 0;
		};
		842A5289255B153B004BD604 /* Resources */ = {
			isa = PBXResourcesBuildPhase;
			buildActionMask = 2147483647;
			files = (
			);
			runOnlyForDeploymentPostprocessing = 0;
		};
		842A5294255B153B004BD604 /* Resources */ = {
			isa = PBXResourcesBuildPhase;
			buildActionMask = 2147483647;
			files = (
			);
			runOnlyForDeploymentPostprocessing = 0;
		};
/* End PBXResourcesBuildPhase section */

/* Begin PBXSourcesBuildPhase section */
		842A526E255B153A004BD604 /* Sources */ = {
			isa = PBXSourcesBuildPhase;
			buildActionMask = 2147483647;
			files = (
				84446C2A2565B353005A007F /* MusicData+CoreDataProperties.swift in Sources */,
				84676A74255DA5A200A7904B /* MusicFromiTunesVC.swift in Sources */,
				842A527A255B153A004BD604 /* ViewController.swift in Sources */,
				842A5276255B153A004BD604 /* AppDelegate.swift in Sources */,
				84446C292565B353005A007F /* MusicData+CoreDataClass.swift in Sources */,
				843479CF2564187800BDEDD1 /* MusicTabBarController.swift in Sources */,
				84446C4225670D50005A007F /* UIImage.swift in Sources */,
				842A5278255B153A004BD604 /* SceneDelegate.swift in Sources */,
				84E877ED255B25CA007E2760 /* RequestManager.swift in Sources */,
				84446C2325659768005A007F /* CoreDataManager.swift in Sources */,
				84E877E8255B2528007E2760 /* UIViewController.swift in Sources */,
				84676A8D255DB48F00A7904B /* Music.swift in Sources */,
				843479C7256417D100BDEDD1 /* StoredMusicVC.swift in Sources */,
				84676A7D255DA70700A7904B /* Constants.swift in Sources */,
				84446C112564375C005A007F /* MusicFromiTunesCell.swift in Sources */,
			);
			runOnlyForDeploymentPostprocessing = 0;
		};
		842A5287255B153B004BD604 /* Sources */ = {
			isa = PBXSourcesBuildPhase;
			buildActionMask = 2147483647;
			files = (
				842A5290255B153B004BD604 /* iTunesTestAppTests.swift in Sources */,
			);
			runOnlyForDeploymentPostprocessing = 0;
		};
		842A5292255B153B004BD604 /* Sources */ = {
			isa = PBXSourcesBuildPhase;
			buildActionMask = 2147483647;
			files = (
				842A529B255B153B004BD604 /* iTunesTestAppUITests.swift in Sources */,
			);
			runOnlyForDeploymentPostprocessing = 0;
		};
/* End PBXSourcesBuildPhase section */

/* Begin PBXTargetDependency section */
		842A528D255B153B004BD604 /* PBXTargetDependency */ = {
			isa = PBXTargetDependency;
			target = 842A5271255B153A004BD604 /* iTunesTestApp */;
			targetProxy = 842A528C255B153B004BD604 /* PBXContainerItemProxy */;
		};
		842A5298255B153B004BD604 /* PBXTargetDependency */ = {
			isa = PBXTargetDependency;
			target = 842A5271255B153A004BD604 /* iTunesTestApp */;
			targetProxy = 842A5297255B153B004BD604 /* PBXContainerItemProxy */;
		};
/* End PBXTargetDependency section */

/* Begin PBXVariantGroup section */
		842A527B255B153A004BD604 /* Main.storyboard */ = {
			isa = PBXVariantGroup;
			children = (
				842A527C255B153A004BD604 /* Base */,
			);
			name = Main.storyboard;
			sourceTree = "<group>";
		};
		842A5283255B153A004BD604 /* LaunchScreen.storyboard */ = {
			isa = PBXVariantGroup;
			children = (
				842A5284255B153A004BD604 /* Base */,
			);
			name = LaunchScreen.storyboard;
			sourceTree = "<group>";
		};
/* End PBXVariantGroup section */

/* Begin XCBuildConfiguration section */
		842A529D255B153B004BD604 /* Debug */ = {
			isa = XCBuildConfiguration;
			buildSettings = {
				ALWAYS_SEARCH_USER_PATHS = NO;
				CLANG_ANALYZER_NONNULL = YES;
				CLANG_ANALYZER_NUMBER_OBJECT_CONVERSION = YES_AGGRESSIVE;
				CLANG_CXX_LANGUAGE_STANDARD = "gnu++14";
				CLANG_CXX_LIBRARY = "libc++";
				CLANG_ENABLE_MODULES = YES;
				CLANG_ENABLE_OBJC_ARC = YES;
				CLANG_ENABLE_OBJC_WEAK = YES;
				CLANG_WARN_BLOCK_CAPTURE_AUTORELEASING = YES;
				CLANG_WARN_BOOL_CONVERSION = YES;
				CLANG_WARN_COMMA = YES;
				CLANG_WARN_CONSTANT_CONVERSION = YES;
				CLANG_WARN_DEPRECATED_OBJC_IMPLEMENTATIONS = YES;
				CLANG_WARN_DIRECT_OBJC_ISA_USAGE = YES_ERROR;
				CLANG_WARN_DOCUMENTATION_COMMENTS = YES;
				CLANG_WARN_EMPTY_BODY = YES;
				CLANG_WARN_ENUM_CONVERSION = YES;
				CLANG_WARN_INFINITE_RECURSION = YES;
				CLANG_WARN_INT_CONVERSION = YES;
				CLANG_WARN_NON_LITERAL_NULL_CONVERSION = YES;
				CLANG_WARN_OBJC_IMPLICIT_RETAIN_SELF = YES;
				CLANG_WARN_OBJC_LITERAL_CONVERSION = YES;
				CLANG_WARN_OBJC_ROOT_CLASS = YES_ERROR;
				CLANG_WARN_QUOTED_INCLUDE_IN_FRAMEWORK_HEADER = YES;
				CLANG_WARN_RANGE_LOOP_ANALYSIS = YES;
				CLANG_WARN_STRICT_PROTOTYPES = YES;
				CLANG_WARN_SUSPICIOUS_MOVE = YES;
				CLANG_WARN_UNGUARDED_AVAILABILITY = YES_AGGRESSIVE;
				CLANG_WARN_UNREACHABLE_CODE = YES;
				CLANG_WARN__DUPLICATE_METHOD_MATCH = YES;
				COPY_PHASE_STRIP = NO;
				DEBUG_INFORMATION_FORMAT = dwarf;
				ENABLE_STRICT_OBJC_MSGSEND = YES;
				ENABLE_TESTABILITY = YES;
				GCC_C_LANGUAGE_STANDARD = gnu11;
				GCC_DYNAMIC_NO_PIC = NO;
				GCC_NO_COMMON_BLOCKS = YES;
				GCC_OPTIMIZATION_LEVEL = 0;
				GCC_PREPROCESSOR_DEFINITIONS = (
					"DEBUG=1",
					"$(inherited)",
				);
				GCC_WARN_64_TO_32_BIT_CONVERSION = YES;
				GCC_WARN_ABOUT_RETURN_TYPE = YES_ERROR;
				GCC_WARN_UNDECLARED_SELECTOR = YES;
				GCC_WARN_UNINITIALIZED_AUTOS = YES_AGGRESSIVE;
				GCC_WARN_UNUSED_FUNCTION = YES;
				GCC_WARN_UNUSED_VARIABLE = YES;
				IPHONEOS_DEPLOYMENT_TARGET = 14.1;
				MTL_ENABLE_DEBUG_INFO = INCLUDE_SOURCE;
				MTL_FAST_MATH = YES;
				ONLY_ACTIVE_ARCH = YES;
				SDKROOT = iphoneos;
				SWIFT_ACTIVE_COMPILATION_CONDITIONS = DEBUG;
				SWIFT_OPTIMIZATION_LEVEL = "-Onone";
			};
			name = Debug;
		};
		842A529E255B153B004BD604 /* Release */ = {
			isa = XCBuildConfiguration;
			buildSettings = {
				ALWAYS_SEARCH_USER_PATHS = NO;
				CLANG_ANALYZER_NONNULL = YES;
				CLANG_ANALYZER_NUMBER_OBJECT_CONVERSION = YES_AGGRESSIVE;
				CLANG_CXX_LANGUAGE_STANDARD = "gnu++14";
				CLANG_CXX_LIBRARY = "libc++";
				CLANG_ENABLE_MODULES = YES;
				CLANG_ENABLE_OBJC_ARC = YES;
				CLANG_ENABLE_OBJC_WEAK = YES;
				CLANG_WARN_BLOCK_CAPTURE_AUTORELEASING = YES;
				CLANG_WARN_BOOL_CONVERSION = YES;
				CLANG_WARN_COMMA = YES;
				CLANG_WARN_CONSTANT_CONVERSION = YES;
				CLANG_WARN_DEPRECATED_OBJC_IMPLEMENTATIONS = YES;
				CLANG_WARN_DIRECT_OBJC_ISA_USAGE = YES_ERROR;
				CLANG_WARN_DOCUMENTATION_COMMENTS = YES;
				CLANG_WARN_EMPTY_BODY = YES;
				CLANG_WARN_ENUM_CONVERSION = YES;
				CLANG_WARN_INFINITE_RECURSION = YES;
				CLANG_WARN_INT_CONVERSION = YES;
				CLANG_WARN_NON_LITERAL_NULL_CONVERSION = YES;
				CLANG_WARN_OBJC_IMPLICIT_RETAIN_SELF = YES;
				CLANG_WARN_OBJC_LITERAL_CONVERSION = YES;
				CLANG_WARN_OBJC_ROOT_CLASS = YES_ERROR;
				CLANG_WARN_QUOTED_INCLUDE_IN_FRAMEWORK_HEADER = YES;
				CLANG_WARN_RANGE_LOOP_ANALYSIS = YES;
				CLANG_WARN_STRICT_PROTOTYPES = YES;
				CLANG_WARN_SUSPICIOUS_MOVE = YES;
				CLANG_WARN_UNGUARDED_AVAILABILITY = YES_AGGRESSIVE;
				CLANG_WARN_UNREACHABLE_CODE = YES;
				CLANG_WARN__DUPLICATE_METHOD_MATCH = YES;
				COPY_PHASE_STRIP = NO;
				DEBUG_INFORMATION_FORMAT = "dwarf-with-dsym";
				ENABLE_NS_ASSERTIONS = NO;
				ENABLE_STRICT_OBJC_MSGSEND = YES;
				GCC_C_LANGUAGE_STANDARD = gnu11;
				GCC_NO_COMMON_BLOCKS = YES;
				GCC_WARN_64_TO_32_BIT_CONVERSION = YES;
				GCC_WARN_ABOUT_RETURN_TYPE = YES_ERROR;
				GCC_WARN_UNDECLARED_SELECTOR = YES;
				GCC_WARN_UNINITIALIZED_AUTOS = YES_AGGRESSIVE;
				GCC_WARN_UNUSED_FUNCTION = YES;
				GCC_WARN_UNUSED_VARIABLE = YES;
				IPHONEOS_DEPLOYMENT_TARGET = 14.1;
				MTL_ENABLE_DEBUG_INFO = NO;
				MTL_FAST_MATH = YES;
				SDKROOT = iphoneos;
				SWIFT_COMPILATION_MODE = wholemodule;
				SWIFT_OPTIMIZATION_LEVEL = "-O";
				VALIDATE_PRODUCT = YES;
			};
			name = Release;
		};
		842A52A0255B153B004BD604 /* Debug */ = {
			isa = XCBuildConfiguration;
			buildSettings = {
				ASSETCATALOG_COMPILER_APPICON_NAME = AppIcon;
				ASSETCATALOG_COMPILER_GLOBAL_ACCENT_COLOR_NAME = AccentColor;
				CODE_SIGN_STYLE = Automatic;
				INFOPLIST_FILE = "$(SRCROOT)/iTunesTestApp/SupportedFiles/Info.plist";
				LD_RUNPATH_SEARCH_PATHS = (
					"$(inherited)",
					"@executable_path/Frameworks",
				);
				PRODUCT_BUNDLE_IDENTIFIER = "com.-iTunesTestApp.iTunesTestApp";
				PRODUCT_NAME = "$(TARGET_NAME)";
				SWIFT_VERSION = 5.0;
				TARGETED_DEVICE_FAMILY = "1,2";
			};
			name = Debug;
		};
		842A52A1255B153B004BD604 /* Release */ = {
			isa = XCBuildConfiguration;
			buildSettings = {
				ASSETCATALOG_COMPILER_APPICON_NAME = AppIcon;
				ASSETCATALOG_COMPILER_GLOBAL_ACCENT_COLOR_NAME = AccentColor;
				CODE_SIGN_STYLE = Automatic;
				INFOPLIST_FILE = "$(SRCROOT)/iTunesTestApp/SupportedFiles/Info.plist";
				LD_RUNPATH_SEARCH_PATHS = (
					"$(inherited)",
					"@executable_path/Frameworks",
				);
				PRODUCT_BUNDLE_IDENTIFIER = "com.-iTunesTestApp.iTunesTestApp";
				PRODUCT_NAME = "$(TARGET_NAME)";
				SWIFT_VERSION = 5.0;
				TARGETED_DEVICE_FAMILY = "1,2";
			};
			name = Release;
		};
		842A52A3255B153B004BD604 /* Debug */ = {
			isa = XCBuildConfiguration;
			buildSettings = {
				ALWAYS_EMBED_SWIFT_STANDARD_LIBRARIES = YES;
				BUNDLE_LOADER = "$(TEST_HOST)";
				CODE_SIGN_STYLE = Automatic;
				INFOPLIST_FILE = iTunesTestAppTests/Info.plist;
				IPHONEOS_DEPLOYMENT_TARGET = 14.1;
				LD_RUNPATH_SEARCH_PATHS = (
					"$(inherited)",
					"@executable_path/Frameworks",
					"@loader_path/Frameworks",
				);
				PRODUCT_BUNDLE_IDENTIFIER = "com.-iTunesTestApp.iTunesTestAppTests";
				PRODUCT_NAME = "$(TARGET_NAME)";
				SWIFT_VERSION = 5.0;
				TARGETED_DEVICE_FAMILY = "1,2";
				TEST_HOST = "$(BUILT_PRODUCTS_DIR)/iTunesTestApp.app/iTunesTestApp";
			};
			name = Debug;
		};
		842A52A4255B153B004BD604 /* Release */ = {
			isa = XCBuildConfiguration;
			buildSettings = {
				ALWAYS_EMBED_SWIFT_STANDARD_LIBRARIES = YES;
				BUNDLE_LOADER = "$(TEST_HOST)";
				CODE_SIGN_STYLE = Automatic;
				INFOPLIST_FILE = iTunesTestAppTests/Info.plist;
				IPHONEOS_DEPLOYMENT_TARGET = 14.1;
				LD_RUNPATH_SEARCH_PATHS = (
					"$(inherited)",
					"@executable_path/Frameworks",
					"@loader_path/Frameworks",
				);
				PRODUCT_BUNDLE_IDENTIFIER = "com.-iTunesTestApp.iTunesTestAppTests";
				PRODUCT_NAME = "$(TARGET_NAME)";
				SWIFT_VERSION = 5.0;
				TARGETED_DEVICE_FAMILY = "1,2";
				TEST_HOST = "$(BUILT_PRODUCTS_DIR)/iTunesTestApp.app/iTunesTestApp";
			};
			name = Release;
		};
		842A52A6255B153B004BD604 /* Debug */ = {
			isa = XCBuildConfiguration;
			buildSettings = {
				ALWAYS_EMBED_SWIFT_STANDARD_LIBRARIES = YES;
				CODE_SIGN_STYLE = Automatic;
				INFOPLIST_FILE = iTunesTestAppUITests/Info.plist;
				LD_RUNPATH_SEARCH_PATHS = (
					"$(inherited)",
					"@executable_path/Frameworks",
					"@loader_path/Frameworks",
				);
				PRODUCT_BUNDLE_IDENTIFIER = "com.-iTunesTestApp.iTunesTestAppUITests";
				PRODUCT_NAME = "$(TARGET_NAME)";
				SWIFT_VERSION = 5.0;
				TARGETED_DEVICE_FAMILY = "1,2";
				TEST_TARGET_NAME = iTunesTestApp;
			};
			name = Debug;
		};
		842A52A7255B153B004BD604 /* Release */ = {
			isa = XCBuildConfiguration;
			buildSettings = {
				ALWAYS_EMBED_SWIFT_STANDARD_LIBRARIES = YES;
				CODE_SIGN_STYLE = Automatic;
				INFOPLIST_FILE = iTunesTestAppUITests/Info.plist;
				LD_RUNPATH_SEARCH_PATHS = (
					"$(inherited)",
					"@executable_path/Frameworks",
					"@loader_path/Frameworks",
				);
				PRODUCT_BUNDLE_IDENTIFIER = "com.-iTunesTestApp.iTunesTestAppUITests";
				PRODUCT_NAME = "$(TARGET_NAME)";
				SWIFT_VERSION = 5.0;
				TARGETED_DEVICE_FAMILY = "1,2";
				TEST_TARGET_NAME = iTunesTestApp;
			};
			name = Release;
		};
/* End XCBuildConfiguration section */

/* Begin XCConfigurationList section */
		842A526D255B153A004BD604 /* Build configuration list for PBXProject "iTunesTestApp" */ = {
			isa = XCConfigurationList;
			buildConfigurations = (
				842A529D255B153B004BD604 /* Debug */,
				842A529E255B153B004BD604 /* Release */,
			);
			defaultConfigurationIsVisible = 0;
			defaultConfigurationName = Release;
		};
		842A529F255B153B004BD604 /* Build configuration list for PBXNativeTarget "iTunesTestApp" */ = {
			isa = XCConfigurationList;
			buildConfigurations = (
				842A52A0255B153B004BD604 /* Debug */,
				842A52A1255B153B004BD604 /* Release */,
			);
			defaultConfigurationIsVisible = 0;
			defaultConfigurationName = Release;
		};
		842A52A2255B153B004BD604 /* Build configuration list for PBXNativeTarget "iTunesTestAppTests" */ = {
			isa = XCConfigurationList;
			buildConfigurations = (
				842A52A3255B153B004BD604 /* Debug */,
				842A52A4255B153B004BD604 /* Release */,
			);
			defaultConfigurationIsVisible = 0;
			defaultConfigurationName = Release;
		};
		842A52A5255B153B004BD604 /* Build configuration list for PBXNativeTarget "iTunesTestAppUITests" */ = {
			isa = XCConfigurationList;
			buildConfigurations = (
				842A52A6255B153B004BD604 /* Debug */,
				842A52A7255B153B004BD604 /* Release */,
			);
			defaultConfigurationIsVisible = 0;
			defaultConfigurationName = Release;
		};
/* End XCConfigurationList section */

/* Begin XCVersionGroup section */
		842A527E255B153A004BD604 /* iTunesTestApp.xcdatamodeld */ = {
			isa = XCVersionGroup;
			children = (
				842A527F255B153A004BD604 /* iTunesTestApp.xcdatamodel */,
			);
			currentVersion = 842A527F255B153A004BD604 /* iTunesTestApp.xcdatamodel */;
			path = iTunesTestApp.xcdatamodeld;
			sourceTree = "<group>";
			versionGroupType = wrapper.xcdatamodel;
		};
/* End XCVersionGroup section */
	};
	rootObject = 842A526A255B153A004BD604 /* Project object */;
}
